{
  "version": 4,
  "terraform_version": "1.1.7",
  "serial": 44,
  "lineage": "e89bc370-4751-8f61-1a04-1b82ebbe0888",
  "outputs": {
    "globals": {
      "value": {
        "globals": {
          "env": "dev",
          "output_bucket": "pugsite-dev-iac-core-outputs",
          "prefix": "pugsite-dev",
          "project_id": "lgke-app-gke",
          "project_number": "927779758991"
        }
      },
      "type": [
        "object",
        {
          "globals": [
            "object",
            {
              "env": "string",
              "output_bucket": "string",
              "prefix": "string",
              "project_id": "string",
              "project_number": "string"
            }
          ]
        }
      ]
    }
  },
  "resources": [
    {
      "mode": "data",
      "type": "google_project",
      "name": "project",
      "provider": "provider[\"registry.terraform.io/hashicorp/google\"]",
      "instances": [
        {
          "schema_version": 0,
          "attributes": {
            "auto_create_network": null,
            "billing_account": "013BE3-D536E8-E95D70",
            "folder_id": "489182349784",
            "id": "projects/lgke-app-gke",
            "labels": {
              "department": "accounting",
              "environment": "dev"
            },
            "name": "lgke-app-gke",
            "number": "927779758991",
            "org_id": "",
            "project_id": "lgke-app-gke",
            "skip_delete": null
          },
          "sensitive_attributes": []
        }
      ]
    },
    {
      "mode": "managed",
      "type": "google_iam_workload_identity_pool",
      "name": "default",
      "provider": "provider[\"registry.terraform.io/hashicorp/google-beta\"]",
      "instances": [
        {
          "schema_version": 0,
          "attributes": {
            "description": "",
            "disabled": false,
            "display_name": "",
            "id": "projects/lgke-app-gke/locations/global/workloadIdentityPools/pugsite-dev-iwip",
            "name": "projects/927779758991/locations/global/workloadIdentityPools/pugsite-dev-iwip",
            "project": "lgke-app-gke",
            "state": "ACTIVE",
            "timeouts": null,
            "workload_identity_pool_id": "pugsite-dev-iwip"
          },
          "sensitive_attributes": [],
          "private": "eyJlMmJmYjczMC1lY2FhLTExZTYtOGY4OC0zNDM2M2JjN2M0YzAiOnsiY3JlYXRlIjoxMjAwMDAwMDAwMDAwLCJkZWxldGUiOjEyMDAwMDAwMDAwMDAsInVwZGF0ZSI6MTIwMDAwMDAwMDAwMH19"
        }
      ]
    },
    {
      "mode": "managed",
      "type": "google_iam_workload_identity_pool_provider",
      "name": "default",
      "provider": "provider[\"registry.terraform.io/hashicorp/google-beta\"]",
      "instances": [
        {
          "index_key": "github-fip",
          "schema_version": 0,
          "attributes": {
            "attribute_condition": "attribute.repository_owner==\"imp14a\"",
            "attribute_mapping": {
              "attribute.actor": "assertion.actor",
              "attribute.ref": "assertion.ref",
              "attribute.repository": "assertion.repository",
              "attribute.repository_owner": "assertion.repository_owner",
              "attribute.sub": "assertion.sub",
              "google.subject": "assertion.sub"
            },
            "aws": [],
            "description": "",
            "disabled": false,
            "display_name": "",
            "id": "projects/lgke-app-gke/locations/global/workloadIdentityPools/pugsite-dev-iwip/providers/pugsite-iac-github-fip",
            "name": "projects/927779758991/locations/global/workloadIdentityPools/pugsite-dev-iwip/providers/pugsite-iac-github-fip",
            "oidc": [
              {
                "allowed_audiences": [],
                "issuer_uri": "https://token.actions.githubusercontent.com"
              }
            ],
            "project": "lgke-app-gke",
            "state": "ACTIVE",
            "timeouts": null,
            "workload_identity_pool_id": "pugsite-dev-iwip",
            "workload_identity_pool_provider_id": "pugsite-iac-github-fip"
          },
          "sensitive_attributes": [],
          "private": "eyJlMmJmYjczMC1lY2FhLTExZTYtOGY4OC0zNDM2M2JjN2M0YzAiOnsiY3JlYXRlIjoxMjAwMDAwMDAwMDAwLCJkZWxldGUiOjEyMDAwMDAwMDAwMDAsInVwZGF0ZSI6MTIwMDAwMDAwMDAwMH19",
          "dependencies": [
            "google_iam_workload_identity_pool.default"
          ]
        }
      ]
    },
    {
      "mode": "managed",
      "type": "google_project_service",
      "name": "project",
      "provider": "provider[\"registry.terraform.io/hashicorp/google\"]",
      "instances": [
        {
          "index_key": "cloudresourcemanager.googleapis.com",
          "schema_version": 0,
          "attributes": {
            "disable_dependent_services": true,
            "disable_on_destroy": true,
            "id": "lgke-app-gke/cloudresourcemanager.googleapis.com",
            "project": "lgke-app-gke",
            "service": "cloudresourcemanager.googleapis.com",
            "timeouts": null
          },
          "sensitive_attributes": [],
          "private": "eyJlMmJmYjczMC1lY2FhLTExZTYtOGY4OC0zNDM2M2JjN2M0YzAiOnsiY3JlYXRlIjoxMjAwMDAwMDAwMDAwLCJkZWxldGUiOjEyMDAwMDAwMDAwMDAsInJlYWQiOjYwMDAwMDAwMDAwMCwidXBkYXRlIjoxMjAwMDAwMDAwMDAwfX0="
        },
        {
          "index_key": "iap.googleapis.com",
          "schema_version": 0,
          "attributes": {
            "disable_dependent_services": true,
            "disable_on_destroy": true,
            "id": "lgke-app-gke/iap.googleapis.com",
            "project": "lgke-app-gke",
            "service": "iap.googleapis.com",
            "timeouts": null
          },
          "sensitive_attributes": [],
          "private": "eyJlMmJmYjczMC1lY2FhLTExZTYtOGY4OC0zNDM2M2JjN2M0YzAiOnsiY3JlYXRlIjoxMjAwMDAwMDAwMDAwLCJkZWxldGUiOjEyMDAwMDAwMDAwMDAsInJlYWQiOjYwMDAwMDAwMDAwMCwidXBkYXRlIjoxMjAwMDAwMDAwMDAwfX0="
        }
      ]
    },
    {
      "mode": "managed",
      "type": "google_storage_bucket_object",
      "name": "providers",
      "provider": "provider[\"registry.terraform.io/hashicorp/google\"]",
      "instances": [
        {
          "schema_version": 0,
          "attributes": {
            "bucket": "pugsite-dev-iac-core-outputs",
            "cache_control": "",
            "content": "/**\n * Copyright 2022 Google LLC\n *\n * Licensed under the Apache License, Version 2.0 (the \"License\");\n * you may not use this file except in compliance with the License.\n * You may obtain a copy of the License at\n *\n *      http://www.apache.org/licenses/LICENSE-2.0\n *\n * Unless required by applicable law or agreed to in writing, software\n * distributed under the License is distributed on an \"AS IS\" BASIS,\n * WITHOUT WARRANTIES OR CONDITIONS OF ANY KIND, either express or implied.\n * See the License for the specific language governing permissions and\n * limitations under the License.\n */\n\nterraform {\n  backend \"gcs\" {\n    bucket                      = \"pugsite-dev-iac-core-tf\"\n    impersonate_service_account = \"pugsite-dev-iac-sa@lgke-app-gke.iam.gserviceaccount.com\"\n  }\n}\nprovider \"google\" {\n  impersonate_service_account = \"pugsite-dev-iac-sa@lgke-app-gke.iam.gserviceaccount.com\"\n  project = \"lgke-app-gke\"\n}\nprovider \"google-beta\" {\n  impersonate_service_account = \"pugsite-dev-iac-sa@lgke-app-gke.iam.gserviceaccount.com\"\n  project = \"lgke-app-gke\"\n}\n\n# end backend.tf for",
            "content_disposition": "",
            "content_encoding": "",
            "content_language": "",
            "content_type": "text/plain; charset=utf-8",
            "crc32c": "dAr55Q==",
            "customer_encryption": [],
            "detect_md5hash": "sr9NddoX0OX+zskXlvBJyA==",
            "event_based_hold": false,
            "id": "pugsite-dev-iac-core-outputs-templates/backend.tf",
            "kms_key_name": "",
            "md5hash": "sr9NddoX0OX+zskXlvBJyA==",
            "media_link": "https://storage.googleapis.com/download/storage/v1/b/pugsite-dev-iac-core-outputs/o/templates%2Fbackend.tf?generation=1660176346202350\u0026alt=media",
            "metadata": {},
            "name": "templates/backend.tf",
            "output_name": "templates/backend.tf",
            "self_link": "https://www.googleapis.com/storage/v1/b/pugsite-dev-iac-core-outputs/o/templates%2Fbackend.tf",
            "source": null,
            "storage_class": "MULTI_REGIONAL",
            "temporary_hold": false,
            "timeouts": null
          },
          "sensitive_attributes": [],
          "private": "eyJlMmJmYjczMC1lY2FhLTExZTYtOGY4OC0zNDM2M2JjN2M0YzAiOnsiY3JlYXRlIjoyNDAwMDAwMDAwMDAsImRlbGV0ZSI6MjQwMDAwMDAwMDAwLCJ1cGRhdGUiOjI0MDAwMDAwMDAwMH19",
          "dependencies": [
            "module.iac-outputs-gcs.google_storage_bucket.bucket",
            "module.iac-outputs-gcs.google_storage_bucket_iam_binding.bindings",
            "module.iac-tf-gcs.google_storage_bucket.bucket",
            "module.iac-tf-gcs.google_storage_bucket_iam_binding.bindings",
            "module.iac-tf-sa.data.google_service_account.service_account",
            "module.iac-tf-sa.google_service_account.service_account"
          ]
        }
      ]
    },
    {
      "mode": "managed",
      "type": "google_storage_bucket_object",
      "name": "tfvars",
      "provider": "provider[\"registry.terraform.io/hashicorp/google\"]",
      "instances": [
        {
          "schema_version": 0,
          "attributes": {
            "bucket": "pugsite-dev-iac-core-outputs",
            "cache_control": "",
            "content": "{\"globals\":{\"env\":\"dev\",\"output_bucket\":\"pugsite-dev-iac-core-outputs\",\"prefix\":\"pugsite-dev\",\"project_id\":\"lgke-app-gke\",\"project_number\":\"927779758991\"}}",
            "content_disposition": "",
            "content_encoding": "",
            "content_language": "",
            "content_type": "text/plain; charset=utf-8",
            "crc32c": "j/aB8w==",
            "customer_encryption": [],
            "detect_md5hash": "RclzBhpLJtuppG9gdg/Q5Q==",
            "event_based_hold": false,
            "id": "pugsite-dev-iac-core-outputs-tfvars/bootstrap.auto.tfvars.json",
            "kms_key_name": "",
            "md5hash": "RclzBhpLJtuppG9gdg/Q5Q==",
            "media_link": "https://storage.googleapis.com/download/storage/v1/b/pugsite-dev-iac-core-outputs/o/tfvars%2Fbootstrap.auto.tfvars.json?generation=1660168117205846\u0026alt=media",
            "metadata": {},
            "name": "tfvars/bootstrap.auto.tfvars.json",
            "output_name": "tfvars/bootstrap.auto.tfvars.json",
            "self_link": "https://www.googleapis.com/storage/v1/b/pugsite-dev-iac-core-outputs/o/tfvars%2Fbootstrap.auto.tfvars.json",
            "source": null,
            "storage_class": "MULTI_REGIONAL",
            "temporary_hold": false,
            "timeouts": null
          },
          "sensitive_attributes": [],
          "private": "eyJlMmJmYjczMC1lY2FhLTExZTYtOGY4OC0zNDM2M2JjN2M0YzAiOnsiY3JlYXRlIjoyNDAwMDAwMDAwMDAsImRlbGV0ZSI6MjQwMDAwMDAwMDAwLCJ1cGRhdGUiOjI0MDAwMDAwMDAwMH19",
          "dependencies": [
            "data.google_project.project",
            "module.iac-outputs-gcs.google_storage_bucket.bucket",
            "module.iac-outputs-gcs.google_storage_bucket_iam_binding.bindings"
          ]
        }
      ]
    },
    {
      "module": "module.iac-outputs-gcs",
      "mode": "managed",
      "type": "google_storage_bucket",
      "name": "bucket",
      "provider": "provider[\"registry.terraform.io/hashicorp/google\"]",
      "instances": [
        {
          "schema_version": 0,
          "attributes": {
            "cors": [],
            "default_event_based_hold": false,
            "encryption": [],
            "force_destroy": false,
            "id": "pugsite-dev-iac-core-outputs",
            "labels": {},
            "lifecycle_rule": [],
            "location": "EU",
            "logging": [],
            "name": "pugsite-dev-iac-core-outputs",
            "project": "lgke-app-gke",
            "requester_pays": false,
            "retention_policy": [],
            "self_link": "https://www.googleapis.com/storage/v1/b/pugsite-dev-iac-core-outputs",
            "storage_class": "MULTI_REGIONAL",
            "timeouts": null,
            "uniform_bucket_level_access": true,
            "url": "gs://pugsite-dev-iac-core-outputs",
            "versioning": [
              {
                "enabled": true
              }
            ],
            "website": []
          },
          "sensitive_attributes": [],
          "private": "eyJlMmJmYjczMC1lY2FhLTExZTYtOGY4OC0zNDM2M2JjN2M0YzAiOnsiY3JlYXRlIjoyNDAwMDAwMDAwMDAsInJlYWQiOjI0MDAwMDAwMDAwMCwidXBkYXRlIjoyNDAwMDAwMDAwMDB9fQ=="
        }
      ]
    },
    {
      "module": "module.iac-sa-impersonate",
      "mode": "managed",
      "type": "google_project_iam_member",
      "name": "project-roles",
      "provider": "provider[\"registry.terraform.io/hashicorp/google\"]",
      "instances": [
        {
          "index_key": "lgke-app-gke-roles/logging.logWriter",
          "schema_version": 0,
          "attributes": {
            "condition": [],
            "etag": "BwXmh8oV2tY=",
            "id": "lgke-app-gke/roles/logging.logWriter/serviceAccount:pugsite-dev-github-impersonate@lgke-app-gke.iam.gserviceaccount.com",
            "member": "serviceAccount:pugsite-dev-github-impersonate@lgke-app-gke.iam.gserviceaccount.com",
            "project": "lgke-app-gke",
            "role": "roles/logging.logWriter"
          },
          "sensitive_attributes": [],
          "private": "bnVsbA==",
          "dependencies": [
            "module.iac-sa-impersonate.data.google_service_account.service_account",
            "module.iac-sa-impersonate.google_service_account.service_account"
          ]
        }
      ]
    },
    {
      "module": "module.iac-sa-impersonate",
      "mode": "managed",
      "type": "google_service_account",
      "name": "service_account",
      "provider": "provider[\"registry.terraform.io/hashicorp/google\"]",
      "instances": [
        {
          "index_key": 0,
          "schema_version": 0,
          "attributes": {
            "account_id": "pugsite-dev-github-impersonate",
            "description": "Terraform CI/CD github service account.",
            "disabled": false,
            "display_name": "Terraform-managed.",
            "email": "pugsite-dev-github-impersonate@lgke-app-gke.iam.gserviceaccount.com",
            "id": "projects/lgke-app-gke/serviceAccounts/pugsite-dev-github-impersonate@lgke-app-gke.iam.gserviceaccount.com",
            "name": "projects/lgke-app-gke/serviceAccounts/pugsite-dev-github-impersonate@lgke-app-gke.iam.gserviceaccount.com",
            "project": "lgke-app-gke",
            "timeouts": null,
            "unique_id": "109522370553806596489"
          },
          "sensitive_attributes": [],
          "private": "eyJlMmJmYjczMC1lY2FhLTExZTYtOGY4OC0zNDM2M2JjN2M0YzAiOnsiY3JlYXRlIjozMDAwMDAwMDAwMDB9fQ=="
        }
      ]
    },
    {
      "module": "module.iac-sa-impersonate",
      "mode": "managed",
      "type": "google_service_account_iam_binding",
      "name": "roles",
      "provider": "provider[\"registry.terraform.io/hashicorp/google\"]",
      "instances": [
        {
          "index_key": "roles/iam.workloadIdentityUser",
          "schema_version": 0,
          "attributes": {
            "condition": [],
            "etag": "BwXl6gNmGgU=",
            "id": "projects/lgke-app-gke/serviceAccounts/pugsite-dev-github-impersonate@lgke-app-gke.iam.gserviceaccount.com/roles/iam.workloadIdentityUser",
            "members": [
              "principalSet://iam.googleapis.com/projects/927779758991/locations/global/workloadIdentityPools/pugsite-dev-iwip/attribute.repository/imp14a/terraform-gcp-puginfra"
            ],
            "role": "roles/iam.workloadIdentityUser",
            "service_account_id": "projects/lgke-app-gke/serviceAccounts/pugsite-dev-github-impersonate@lgke-app-gke.iam.gserviceaccount.com"
          },
          "sensitive_attributes": [],
          "private": "bnVsbA==",
          "dependencies": [
            "google_iam_workload_identity_pool.default",
            "module.iac-sa-impersonate.data.google_service_account.service_account",
            "module.iac-sa-impersonate.google_service_account.service_account"
          ]
        }
      ]
    },
    {
      "module": "module.iac-sa-impersonate",
      "mode": "managed",
      "type": "google_storage_bucket_iam_member",
      "name": "bucket-roles",
      "provider": "provider[\"registry.terraform.io/hashicorp/google\"]",
      "instances": [
        {
          "index_key": "pugsite-dev-iac-core-outputs-roles/storage.objectViewer",
          "schema_version": 0,
          "attributes": {
            "bucket": "b/pugsite-dev-iac-core-outputs",
            "condition": [],
            "etag": "CAI=",
            "id": "b/pugsite-dev-iac-core-outputs/roles/storage.objectViewer/serviceAccount:pugsite-dev-github-impersonate@lgke-app-gke.iam.gserviceaccount.com",
            "member": "serviceAccount:pugsite-dev-github-impersonate@lgke-app-gke.iam.gserviceaccount.com",
            "role": "roles/storage.objectViewer"
          },
          "sensitive_attributes": [],
          "private": "bnVsbA==",
          "dependencies": [
            "module.iac-outputs-gcs.google_storage_bucket.bucket",
            "module.iac-outputs-gcs.google_storage_bucket_iam_binding.bindings",
            "module.iac-sa-impersonate.data.google_service_account.service_account",
            "module.iac-sa-impersonate.google_service_account.service_account"
          ]
        }
      ]
    },
    {
      "module": "module.iac-tf-gcs",
      "mode": "managed",
      "type": "google_storage_bucket",
      "name": "bucket",
      "provider": "provider[\"registry.terraform.io/hashicorp/google\"]",
      "instances": [
        {
          "schema_version": 0,
          "attributes": {
            "cors": [],
            "default_event_based_hold": false,
            "encryption": [],
            "force_destroy": false,
            "id": "pugsite-dev-iac-core-tf",
            "labels": {},
            "lifecycle_rule": [],
            "location": "EU",
            "logging": [],
            "name": "pugsite-dev-iac-core-tf",
            "project": "lgke-app-gke",
            "requester_pays": false,
            "retention_policy": [],
            "self_link": "https://www.googleapis.com/storage/v1/b/pugsite-dev-iac-core-tf",
            "storage_class": "MULTI_REGIONAL",
            "timeouts": null,
            "uniform_bucket_level_access": true,
            "url": "gs://pugsite-dev-iac-core-tf",
            "versioning": [
              {
                "enabled": true
              }
            ],
            "website": []
          },
          "sensitive_attributes": [],
          "private": "eyJlMmJmYjczMC1lY2FhLTExZTYtOGY4OC0zNDM2M2JjN2M0YzAiOnsiY3JlYXRlIjoyNDAwMDAwMDAwMDAsInJlYWQiOjI0MDAwMDAwMDAwMCwidXBkYXRlIjoyNDAwMDAwMDAwMDB9fQ=="
        }
      ]
    },
    {
      "module": "module.iac-tf-sa",
      "mode": "managed",
      "type": "google_project_iam_member",
      "name": "project-roles",
      "provider": "provider[\"registry.terraform.io/hashicorp/google\"]",
      "instances": [
        {
          "index_key": "lgke-app-gke-roles/compute.instanceAdmin.v1",
          "schema_version": 0,
          "attributes": {
            "condition": [],
            "etag": "BwXmh8oV2tY=",
            "id": "lgke-app-gke/roles/compute.instanceAdmin.v1/serviceAccount:pugsite-dev-iac-sa@lgke-app-gke.iam.gserviceaccount.com",
            "member": "serviceAccount:pugsite-dev-iac-sa@lgke-app-gke.iam.gserviceaccount.com",
            "project": "lgke-app-gke",
            "role": "roles/compute.instanceAdmin.v1"
          },
          "sensitive_attributes": [],
          "private": "bnVsbA==",
          "dependencies": [
            "module.iac-tf-sa.data.google_service_account.service_account",
            "module.iac-tf-sa.google_service_account.service_account"
          ]
        },
        {
          "index_key": "lgke-app-gke-roles/compute.loadBalancerAdmin",
          "schema_version": 0,
          "attributes": {
            "condition": [],
            "etag": "BwXmh8oV2tY=",
            "id": "lgke-app-gke/roles/compute.loadBalancerAdmin/serviceAccount:pugsite-dev-iac-sa@lgke-app-gke.iam.gserviceaccount.com",
            "member": "serviceAccount:pugsite-dev-iac-sa@lgke-app-gke.iam.gserviceaccount.com",
            "project": "lgke-app-gke",
            "role": "roles/compute.loadBalancerAdmin"
          },
          "sensitive_attributes": [],
          "private": "bnVsbA==",
          "dependencies": [
            "module.iac-tf-sa.data.google_service_account.service_account",
            "module.iac-tf-sa.google_service_account.service_account"
          ]
        },
        {
          "index_key": "lgke-app-gke-roles/compute.networkAdmin",
          "schema_version": 0,
          "attributes": {
            "condition": [],
            "etag": "BwXmh8oV2tY=",
            "id": "lgke-app-gke/roles/compute.networkAdmin/serviceAccount:pugsite-dev-iac-sa@lgke-app-gke.iam.gserviceaccount.com",
            "member": "serviceAccount:pugsite-dev-iac-sa@lgke-app-gke.iam.gserviceaccount.com",
            "project": "lgke-app-gke",
            "role": "roles/compute.networkAdmin"
          },
          "sensitive_attributes": [],
          "private": "bnVsbA==",
          "dependencies": [
            "module.iac-tf-sa.data.google_service_account.service_account",
            "module.iac-tf-sa.google_service_account.service_account"
          ]
        },
        {
          "index_key": "lgke-app-gke-roles/compute.securityAdmin",
          "schema_version": 0,
          "attributes": {
            "condition": [],
            "etag": "BwXmh8oV2tY=",
            "id": "lgke-app-gke/roles/compute.securityAdmin/serviceAccount:pugsite-dev-iac-sa@lgke-app-gke.iam.gserviceaccount.com",
            "member": "serviceAccount:pugsite-dev-iac-sa@lgke-app-gke.iam.gserviceaccount.com",
            "project": "lgke-app-gke",
            "role": "roles/compute.securityAdmin"
          },
          "sensitive_attributes": [],
          "private": "bnVsbA==",
          "dependencies": [
            "module.iac-tf-sa.data.google_service_account.service_account",
            "module.iac-tf-sa.google_service_account.service_account"
          ]
        },
        {
          "index_key": "lgke-app-gke-roles/container.admin",
          "schema_version": 0,
          "attributes": {
            "condition": [],
            "etag": "BwXmh8oV2tY=",
            "id": "lgke-app-gke/roles/container.admin/serviceAccount:pugsite-dev-iac-sa@lgke-app-gke.iam.gserviceaccount.com",
            "member": "serviceAccount:pugsite-dev-iac-sa@lgke-app-gke.iam.gserviceaccount.com",
            "project": "lgke-app-gke",
            "role": "roles/container.admin"
          },
          "sensitive_attributes": [],
          "private": "bnVsbA==",
          "dependencies": [
            "module.iac-tf-sa.data.google_service_account.service_account",
            "module.iac-tf-sa.google_service_account.service_account"
          ]
        },
        {
          "index_key": "lgke-app-gke-roles/iam.serviceAccountAdmin",
          "schema_version": 0,
          "attributes": {
            "condition": [],
            "etag": "BwXmh8oV2tY=",
            "id": "lgke-app-gke/roles/iam.serviceAccountAdmin/serviceAccount:pugsite-dev-iac-sa@lgke-app-gke.iam.gserviceaccount.com",
            "member": "serviceAccount:pugsite-dev-iac-sa@lgke-app-gke.iam.gserviceaccount.com",
            "project": "lgke-app-gke",
            "role": "roles/iam.serviceAccountAdmin"
          },
          "sensitive_attributes": [],
          "private": "bnVsbA==",
          "dependencies": [
            "module.iac-tf-sa.data.google_service_account.service_account",
            "module.iac-tf-sa.google_service_account.service_account"
          ]
        },
        {
          "index_key": "lgke-app-gke-roles/iam.serviceAccountUser",
          "schema_version": 0,
          "attributes": {
            "condition": [],
            "etag": "BwXmh8oV2tY=",
            "id": "lgke-app-gke/roles/iam.serviceAccountUser/serviceAccount:pugsite-dev-iac-sa@lgke-app-gke.iam.gserviceaccount.com",
            "member": "serviceAccount:pugsite-dev-iac-sa@lgke-app-gke.iam.gserviceaccount.com",
            "project": "lgke-app-gke",
            "role": "roles/iam.serviceAccountUser"
          },
          "sensitive_attributes": [],
          "private": "bnVsbA==",
          "dependencies": [
            "module.iac-tf-sa.data.google_service_account.service_account",
            "module.iac-tf-sa.google_service_account.service_account"
          ]
        },
        {
          "index_key": "lgke-app-gke-roles/logging.admin",
          "schema_version": 0,
          "attributes": {
            "condition": [],
            "etag": "BwXmh8oV2tY=",
            "id": "lgke-app-gke/roles/logging.admin/serviceAccount:pugsite-dev-iac-sa@lgke-app-gke.iam.gserviceaccount.com",
            "member": "serviceAccount:pugsite-dev-iac-sa@lgke-app-gke.iam.gserviceaccount.com",
            "project": "lgke-app-gke",
            "role": "roles/logging.admin"
          },
          "sensitive_attributes": [],
          "private": "bnVsbA==",
          "dependencies": [
            "module.iac-tf-sa.data.google_service_account.service_account",
            "module.iac-tf-sa.google_service_account.service_account"
          ]
        },
        {
          "index_key": "lgke-app-gke-roles/monitoring.admin",
          "schema_version": 0,
          "attributes": {
            "condition": [],
            "etag": "BwXmh8oV2tY=",
            "id": "lgke-app-gke/roles/monitoring.admin/serviceAccount:pugsite-dev-iac-sa@lgke-app-gke.iam.gserviceaccount.com",
            "member": "serviceAccount:pugsite-dev-iac-sa@lgke-app-gke.iam.gserviceaccount.com",
            "project": "lgke-app-gke",
            "role": "roles/monitoring.admin"
          },
          "sensitive_attributes": [],
          "private": "bnVsbA==",
          "dependencies": [
            "module.iac-tf-sa.data.google_service_account.service_account",
            "module.iac-tf-sa.google_service_account.service_account"
          ]
        },
        {
          "index_key": "lgke-app-gke-roles/resourcemanager.projectIamAdmin",
          "schema_version": 0,
          "attributes": {
            "condition": [],
            "etag": "BwXmh8oV2tY=",
            "id": "lgke-app-gke/roles/resourcemanager.projectIamAdmin/serviceAccount:pugsite-dev-iac-sa@lgke-app-gke.iam.gserviceaccount.com",
            "member": "serviceAccount:pugsite-dev-iac-sa@lgke-app-gke.iam.gserviceaccount.com",
            "project": "lgke-app-gke",
            "role": "roles/resourcemanager.projectIamAdmin"
          },
          "sensitive_attributes": [],
          "private": "bnVsbA==",
          "dependencies": [
            "module.iac-tf-sa.data.google_service_account.service_account",
            "module.iac-tf-sa.google_service_account.service_account"
          ]
        },
        {
          "index_key": "lgke-app-gke-roles/storage.admin",
          "schema_version": 0,
          "attributes": {
            "condition": [],
            "etag": "BwXmh8oV2tY=",
            "id": "lgke-app-gke/roles/storage.admin/serviceAccount:pugsite-dev-iac-sa@lgke-app-gke.iam.gserviceaccount.com",
            "member": "serviceAccount:pugsite-dev-iac-sa@lgke-app-gke.iam.gserviceaccount.com",
            "project": "lgke-app-gke",
            "role": "roles/storage.admin"
          },
          "sensitive_attributes": [],
          "private": "bnVsbA==",
          "dependencies": [
            "module.iac-tf-sa.data.google_service_account.service_account",
            "module.iac-tf-sa.google_service_account.service_account"
          ]
        }
      ]
    },
    {
      "module": "module.iac-tf-sa",
      "mode": "managed",
      "type": "google_service_account",
      "name": "service_account",
      "provider": "provider[\"registry.terraform.io/hashicorp/google\"]",
      "instances": [
        {
          "index_key": 0,
          "schema_version": 0,
          "attributes": {
            "account_id": "pugsite-dev-iac-sa",
            "description": "Terraform IaC service account.",
            "disabled": false,
            "display_name": "Terraform-managed.",
            "email": "pugsite-dev-iac-sa@lgke-app-gke.iam.gserviceaccount.com",
            "id": "projects/lgke-app-gke/serviceAccounts/pugsite-dev-iac-sa@lgke-app-gke.iam.gserviceaccount.com",
            "name": "projects/lgke-app-gke/serviceAccounts/pugsite-dev-iac-sa@lgke-app-gke.iam.gserviceaccount.com",
            "project": "lgke-app-gke",
            "timeouts": null,
            "unique_id": "115256617927094584758"
          },
          "sensitive_attributes": [],
          "private": "eyJlMmJmYjczMC1lY2FhLTExZTYtOGY4OC0zNDM2M2JjN2M0YzAiOnsiY3JlYXRlIjozMDAwMDAwMDAwMDB9fQ=="
        }
      ]
    },
    {
      "module": "module.iac-tf-sa",
      "mode": "managed",
      "type": "google_service_account_iam_binding",
      "name": "roles",
      "provider": "provider[\"registry.terraform.io/hashicorp/google\"]",
      "instances": [
        {
          "index_key": "roles/iam.serviceAccountTokenCreator",
          "schema_version": 0,
          "attributes": {
            "condition": [],
            "etag": "BwXmUU72B8Q=",
            "id": "projects/lgke-app-gke/serviceAccounts/pugsite-dev-iac-sa@lgke-app-gke.iam.gserviceaccount.com/roles/iam.serviceAccountTokenCreator",
            "members": [
              "serviceAccount:pugsite-dev-github-impersonate@lgke-app-gke.iam.gserviceaccount.com"
            ],
            "role": "roles/iam.serviceAccountTokenCreator",
            "service_account_id": "projects/lgke-app-gke/serviceAccounts/pugsite-dev-iac-sa@lgke-app-gke.iam.gserviceaccount.com"
          },
          "sensitive_attributes": [],
          "private": "bnVsbA==",
          "dependencies": [
            "module.iac-sa-impersonate.data.google_service_account.service_account",
            "module.iac-sa-impersonate.google_service_account.service_account",
            "module.iac-tf-sa.data.google_service_account.service_account",
            "module.iac-tf-sa.google_service_account.service_account"
          ]
        }
      ]
    },
    {
      "module": "module.iac-tf-sa",
      "mode": "managed",
      "type": "google_storage_bucket_iam_member",
      "name": "bucket-roles",
      "provider": "provider[\"registry.terraform.io/hashicorp/google\"]",
      "instances": [
        {
          "index_key": "pugsite-dev-iac-core-tf-roles/storage.admin",
          "schema_version": 0,
          "attributes": {
            "bucket": "b/pugsite-dev-iac-core-tf",
            "condition": [],
            "etag": "CAI=",
            "id": "b/pugsite-dev-iac-core-tf/roles/storage.admin/serviceAccount:pugsite-dev-iac-sa@lgke-app-gke.iam.gserviceaccount.com",
            "member": "serviceAccount:pugsite-dev-iac-sa@lgke-app-gke.iam.gserviceaccount.com",
            "role": "roles/storage.admin"
          },
          "sensitive_attributes": [],
          "private": "bnVsbA==",
          "dependencies": [
            "module.iac-tf-gcs.google_storage_bucket.bucket",
            "module.iac-tf-gcs.google_storage_bucket_iam_binding.bindings",
            "module.iac-tf-sa.data.google_service_account.service_account",
            "module.iac-tf-sa.google_service_account.service_account"
          ]
        }
      ]
    }
  ]
}
